// !$*UTF8*$!
{
	archiveVersion = 1;
	classes = {
	};
	objectVersion = 56;
	objects = {

/* Begin PBXBuildFile section */
		DF8EC2EF2AB2DF7000B53EAF /* AppDelegate.swift in Sources */ = {isa = PBXBuildFile; fileRef = DF8EC2EE2AB2DF7000B53EAF /* AppDelegate.swift */; };
		DF8EC2F12AB2DF7000B53EAF /* SceneDelegate.swift in Sources */ = {isa = PBXBuildFile; fileRef = DF8EC2F02AB2DF7000B53EAF /* SceneDelegate.swift */; };
		DF8EC2F32AB2DF7000B53EAF /* ViewController.swift in Sources */ = {isa = PBXBuildFile; fileRef = DF8EC2F22AB2DF7000B53EAF /* ViewController.swift */; };
		DF8EC2F92AB2DF7000B53EAF /* CoreDataProject.xcdatamodeld in Sources */ = {isa = PBXBuildFile; fileRef = DF8EC2F72AB2DF7000B53EAF /* CoreDataProject.xcdatamodeld */; };
		DF8EC2FB2AB2DF7100B53EAF /* Assets.xcassets in Resources */ = {isa = PBXBuildFile; fileRef = DF8EC2FA2AB2DF7100B53EAF /* Assets.xcassets */; };
		DF8EC2FE2AB2DF7100B53EAF /* LaunchScreen.storyboard in Resources */ = {isa = PBXBuildFile; fileRef = DF8EC2FC2AB2DF7100B53EAF /* LaunchScreen.storyboard */; };
		DF8EC3082AB2EF7700B53EAF /* SnapKit in Frameworks */ = {isa = PBXBuildFile; productRef = DF8EC3072AB2EF7700B53EAF /* SnapKit */; };
		DF8EC30B2AB2EF8300B53EAF /* Alamofire in Frameworks */ = {isa = PBXBuildFile; productRef = DF8EC30A2AB2EF8300B53EAF /* Alamofire */; };
		DF8EC30F2AB3066E00B53EAF /* ProfileDesignViewController.swift in Sources */ = {isa = PBXBuildFile; fileRef = DF8EC30E2AB3066E00B53EAF /* ProfileDesignViewController.swift */; };
		DFA3B3A22AB969D800FA0373 /* CustomImageCollectionViewCell.swift in Sources */ = {isa = PBXBuildFile; fileRef = DFA3B3A12AB969D800FA0373 /* CustomImageCollectionViewCell.swift */; };
		DFA3B3A42AB96A3A00FA0373 /* ImageModel.swift in Sources */ = {isa = PBXBuildFile; fileRef = DFA3B3A32AB96A3A00FA0373 /* ImageModel.swift */; };
		DFA3B3A62ABAE71B00FA0373 /* ProfileViewController.swift in Sources */ = {isa = PBXBuildFile; fileRef = DFA3B3A52ABAE71B00FA0373 /* ProfileViewController.swift */; };
/* End PBXBuildFile section */

/* Begin PBXFileReference section */
		DF8EC2EB2AB2DF7000B53EAF /* CoreDataProject.app */ = {isa = PBXFileReference; explicitFileType = wrapper.application; includeInIndex = 0; path = CoreDataProject.app; sourceTree = BUILT_PRODUCTS_DIR; };
		DF8EC2EE2AB2DF7000B53EAF /* AppDelegate.swift */ = {isa = PBXFileReference; lastKnownFileType = sourcecode.swift; path = AppDelegate.swift; sourceTree = "<group>"; };
		DF8EC2F02AB2DF7000B53EAF /* SceneDelegate.swift */ = {isa = PBXFileReference; lastKnownFileType = sourcecode.swift; path = SceneDelegate.swift; sourceTree = "<group>"; };
		DF8EC2F22AB2DF7000B53EAF /* ViewController.swift */ = {isa = PBXFileReference; lastKnownFileType = sourcecode.swift; path = ViewController.swift; sourceTree = "<group>"; };
		DF8EC2F82AB2DF7000B53EAF /* CoreDataProject.xcdatamodel */ = {isa = PBXFileReference; lastKnownFileType = wrapper.xcdatamodel; path = CoreDataProject.xcdatamodel; sourceTree = "<group>"; };
		DF8EC2FA2AB2DF7100B53EAF /* Assets.xcassets */ = {isa = PBXFileReference; lastKnownFileType = folder.assetcatalog; path = Assets.xcassets; sourceTree = "<group>"; };
		DF8EC2FD2AB2DF7100B53EAF /* Base */ = {isa = PBXFileReference; lastKnownFileType = file.storyboard; name = Base; path = Base.lproj/LaunchScreen.storyboard; sourceTree = "<group>"; };
		DF8EC2FF2AB2DF7100B53EAF /* Info.plist */ = {isa = PBXFileReference; lastKnownFileType = text.plist.xml; path = Info.plist; sourceTree = "<group>"; };
		DF8EC30E2AB3066E00B53EAF /* ProfileDesignViewController.swift */ = {isa = PBXFileReference; lastKnownFileType = sourcecode.swift; path = ProfileDesignViewController.swift; sourceTree = "<group>"; };
		DFA3B3A12AB969D800FA0373 /* CustomImageCollectionViewCell.swift */ = {isa = PBXFileReference; lastKnownFileType = sourcecode.swift; path = CustomImageCollectionViewCell.swift; sourceTree = "<group>"; };
		DFA3B3A32AB96A3A00FA0373 /* ImageModel.swift */ = {isa = PBXFileReference; lastKnownFileType = sourcecode.swift; path = ImageModel.swift; sourceTree = "<group>"; };
		DFA3B3A52ABAE71B00FA0373 /* ProfileViewController.swift */ = {isa = PBXFileReference; lastKnownFileType = sourcecode.swift; path = ProfileViewController.swift; sourceTree = "<group>"; };
/* End PBXFileReference section */

/* Begin PBXFrameworksBuildPhase section */
		DF8EC2E82AB2DF7000B53EAF /* Frameworks */ = {
			isa = PBXFrameworksBuildPhase;
			buildActionMask = 2147483647;
			files = (
				DF8EC3082AB2EF7700B53EAF /* SnapKit in Frameworks */,
				DF8EC30B2AB2EF8300B53EAF /* Alamofire in Frameworks */,
			);
			runOnlyForDeploymentPostprocessing = 0;
		};
/* End PBXFrameworksBuildPhase section */

/* Begin PBXGroup section */
		DF8EC2E22AB2DF7000B53EAF = {
			isa = PBXGroup;
			children = (
				DF8EC2ED2AB2DF7000B53EAF /* CoreDataProject */,
				DF8EC2EC2AB2DF7000B53EAF /* Products */,
				DF8EC3052AB2EEE000B53EAF /* Frameworks */,
			);
			sourceTree = "<group>";
		};
		DF8EC2EC2AB2DF7000B53EAF /* Products */ = {
			isa = PBXGroup;
			children = (
				DF8EC2EB2AB2DF7000B53EAF /* CoreDataProject.app */,
			);
			name = Products;
			sourceTree = "<group>";
		};
		DF8EC2ED2AB2DF7000B53EAF /* CoreDataProject */ = {
			isa = PBXGroup;
			children = (
				DF8EC2EE2AB2DF7000B53EAF /* AppDelegate.swift */,
				DF8EC2F02AB2DF7000B53EAF /* SceneDelegate.swift */,
				DF8EC2F22AB2DF7000B53EAF /* ViewController.swift */,
				DF8EC30E2AB3066E00B53EAF /* ProfileDesignViewController.swift */,
				DFA3B3A12AB969D800FA0373 /* CustomImageCollectionViewCell.swift */,
				DFA3B3A52ABAE71B00FA0373 /* ProfileViewController.swift */,
				DFA3B3A32AB96A3A00FA0373 /* ImageModel.swift */,
				DF8EC2FA2AB2DF7100B53EAF /* Assets.xcassets */,
				DF8EC2FC2AB2DF7100B53EAF /* LaunchScreen.storyboard */,
				DF8EC2FF2AB2DF7100B53EAF /* Info.plist */,
				DF8EC2F72AB2DF7000B53EAF /* CoreDataProject.xcdatamodeld */,
			);
			path = CoreDataProject;
			sourceTree = "<group>";
		};
		DF8EC3052AB2EEE000B53EAF /* Frameworks */ = {
			isa = PBXGroup;
			children = (
			);
			name = Frameworks;
			sourceTree = "<group>";
		};
/* End PBXGroup section */

/* Begin PBXNativeTarget section */
		DF8EC2EA2AB2DF7000B53EAF /* CoreDataProject */ = {
			isa = PBXNativeTarget;
			buildConfigurationList = DF8EC3022AB2DF7100B53EAF /* Build configuration list for PBXNativeTarget "CoreDataProject" */;
			buildPhases = (
				DF8EC2E72AB2DF7000B53EAF /* Sources */,
				DF8EC2E82AB2DF7000B53EAF /* Frameworks */,
				DF8EC2E92AB2DF7000B53EAF /* Resources */,
			);
			buildRules = (
			);
			dependencies = (
			);
			name = CoreDataProject;
			packageProductDependencies = (
				DF8EC3072AB2EF7700B53EAF /* SnapKit */,
				DF8EC30A2AB2EF8300B53EAF /* Alamofire */,
			);
			productName = CoreDataProject;
			productReference = DF8EC2EB2AB2DF7000B53EAF /* CoreDataProject.app */;
			productType = "com.apple.product-type.application";
		};
/* End PBXNativeTarget section */

/* Begin PBXProject section */
		DF8EC2E32AB2DF7000B53EAF /* Project object */ = {
			isa = PBXProject;
			attributes = {
				BuildIndependentTargetsInParallel = 1;
				LastSwiftUpdateCheck = 1430;
				LastUpgradeCheck = 1430;
				TargetAttributes = {
					DF8EC2EA2AB2DF7000B53EAF = {
						CreatedOnToolsVersion = 14.3.1;
					};
				};
			};
			buildConfigurationList = DF8EC2E62AB2DF7000B53EAF /* Build configuration list for PBXProject "CoreDataProject" */;
			compatibilityVersion = "Xcode 14.0";
			developmentRegion = en;
			hasScannedForEncodings = 0;
			knownRegions = (
				en,
				Base,
			);
			mainGroup = DF8EC2E22AB2DF7000B53EAF;
			packageReferences = (
				DF8EC3062AB2EF7700B53EAF /* XCRemoteSwiftPackageReference "SnapKit" */,
				DF8EC3092AB2EF8300B53EAF /* XCRemoteSwiftPackageReference "Alamofire" */,
			);
			productRefGroup = DF8EC2EC2AB2DF7000B53EAF /* Products */;
			projectDirPath = "";
			projectRoot = "";
			targets = (
				DF8EC2EA2AB2DF7000B53EAF /* CoreDataProject */,
			);
		};
/* End PBXProject section */

/* Begin PBXResourcesBuildPhase section */
		DF8EC2E92AB2DF7000B53EAF /* Resources */ = {
			isa = PBXResourcesBuildPhase;
			buildActionMask = 2147483647;
			files = (
				DF8EC2FE2AB2DF7100B53EAF /* LaunchScreen.storyboard in Resources */,
				DF8EC2FB2AB2DF7100B53EAF /* Assets.xcassets in Resources */,
			);
			runOnlyForDeploymentPostprocessing = 0;
		};
/* End PBXResourcesBuildPhase section */

/* Begin PBXSourcesBuildPhase section */
		DF8EC2E72AB2DF7000B53EAF /* Sources */ = {
			isa = PBXSourcesBuildPhase;
			buildActionMask = 2147483647;
			files = (
				DF8EC2F32AB2DF7000B53EAF /* ViewController.swift in Sources */,
				DFA3B3A22AB969D800FA0373 /* CustomImageCollectionViewCell.swift in Sources */,
				DF8EC2EF2AB2DF7000B53EAF /* AppDelegate.swift in Sources */,
				DF8EC2F92AB2DF7000B53EAF /* CoreDataProject.xcdatamodeld in Sources */,
				DF8EC2F12AB2DF7000B53EAF /* SceneDelegate.swift in Sources */,
				DF8EC30F2AB3066E00B53EAF /* ProfileDesignViewController.swift in Sources */,
				DFA3B3A62ABAE71B00FA0373 /* ProfileViewController.swift in Sources */,
				DFA3B3A42AB96A3A00FA0373 /* ImageModel.swift in Sources */,
			);
			runOnlyForDeploymentPostprocessing = 0;
		};
/* End PBXSourcesBuildPhase section */

/* Begin PBXVariantGroup section */
		DF8EC2FC2AB2DF7100B53EAF /* LaunchScreen.storyboard */ = {
			isa = PBXVariantGroup;
			children = (
				DF8EC2FD2AB2DF7100B53EAF /* Base */,
			);
			name = LaunchScreen.storyboard;
			sourceTree = "<group>";
		};
/* End PBXVariantGroup section */

/* Begin XCBuildConfiguration section */
		DF8EC3002AB2DF7100B53EAF /* Debug */ = {
			isa = XCBuildConfiguration;
			buildSettings = {
				ALWAYS_SEARCH_USER_PATHS = NO;
				CLANG_ANALYZER_NONNULL = YES;
				CLANG_ANALYZER_NUMBER_OBJECT_CONVERSION = YES_AGGRESSIVE;
				CLANG_CXX_LANGUAGE_STANDARD = "gnu++20";
				CLANG_ENABLE_MODULES = YES;
				CLANG_ENABLE_OBJC_ARC = YES;
				CLANG_ENABLE_OBJC_WEAK = YES;
				CLANG_WARN_BLOCK_CAPTURE_AUTORELEASING = YES;
				CLANG_WARN_BOOL_CONVERSION = YES;
				CLANG_WARN_COMMA = YES;
				CLANG_WARN_CONSTANT_CONVERSION = YES;
				CLANG_WARN_DEPRECATED_OBJC_IMPLEMENTATIONS = YES;
				CLANG_WARN_DIRECT_OBJC_ISA_USAGE = YES_ERROR;
				CLANG_WARN_DOCUMENTATION_COMMENTS = YES;
				CLANG_WARN_EMPTY_BODY = YES;
				CLANG_WARN_ENUM_CONVERSION = YES;
				CLANG_WARN_INFINITE_RECURSION = YES;
				CLANG_WARN_INT_CONVERSION = YES;
				CLANG_WARN_NON_LITERAL_NULL_CONVERSION = YES;
				CLANG_WARN_OBJC_IMPLICIT_RETAIN_SELF = YES;
				CLANG_WARN_OBJC_LITERAL_CONVERSION = YES;
				CLANG_WARN_OBJC_ROOT_CLASS = YES_ERROR;
				CLANG_WARN_QUOTED_INCLUDE_IN_FRAMEWORK_HEADER = YES;
				CLANG_WARN_RANGE_LOOP_ANALYSIS = YES;
				CLANG_WARN_STRICT_PROTOTYPES = YES;
				CLANG_WARN_SUSPICIOUS_MOVE = YES;
				CLANG_WARN_UNGUARDED_AVAILABILITY = YES_AGGRESSIVE;
				CLANG_WARN_UNREACHABLE_CODE = YES;
				CLANG_WARN__DUPLICATE_METHOD_MATCH = YES;
				COPY_PHASE_STRIP = NO;
				DEBUG_INFORMATION_FORMAT = dwarf;
				ENABLE_STRICT_OBJC_MSGSEND = YES;
				ENABLE_TESTABILITY = YES;
				GCC_C_LANGUAGE_STANDARD = gnu11;
				GCC_DYNAMIC_NO_PIC = NO;
				GCC_NO_COMMON_BLOCKS = YES;
				GCC_OPTIMIZATION_LEVEL = 0;
				GCC_PREPROCESSOR_DEFINITIONS = (
					"DEBUG=1",
					"$(inherited)",
				);
				GCC_WARN_64_TO_32_BIT_CONVERSION = YES;
				GCC_WARN_ABOUT_RETURN_TYPE = YES_ERROR;
				GCC_WARN_UNDECLARED_SELECTOR = YES;
				GCC_WARN_UNINITIALIZED_AUTOS = YES_AGGRESSIVE;
				GCC_WARN_UNUSED_FUNCTION = YES;
				GCC_WARN_UNUSED_VARIABLE = YES;
				IPHONEOS_DEPLOYMENT_TARGET = 16.4;
				MTL_ENABLE_DEBUG_INFO = INCLUDE_SOURCE;
				MTL_FAST_MATH = YES;
				ONLY_ACTIVE_ARCH = YES;
				SDKROOT = iphoneos;
				SWIFT_ACTIVE_COMPILATION_CONDITIONS = DEBUG;
				SWIFT_OPTIMIZATION_LEVEL = "-Onone";
			};
			name = Debug;
		};
		DF8EC3012AB2DF7100B53EAF /* Release */ = {
			isa = XCBuildConfiguration;
			buildSettings = {
				ALWAYS_SEARCH_USER_PATHS = NO;
				CLANG_ANALYZER_NONNULL = YES;
				CLANG_ANALYZER_NUMBER_OBJECT_CONVERSION = YES_AGGRESSIVE;
				CLANG_CXX_LANGUAGE_STANDARD = "gnu++20";
				CLANG_ENABLE_MODULES = YES;
				CLANG_ENABLE_OBJC_ARC = YES;
				CLANG_ENABLE_OBJC_WEAK = YES;
				CLANG_WARN_BLOCK_CAPTURE_AUTORELEASING = YES;
				CLANG_WARN_BOOL_CONVERSION = YES;
				CLANG_WARN_COMMA = YES;
				CLANG_WARN_CONSTANT_CONVERSION = YES;
				CLANG_WARN_DEPRECATED_OBJC_IMPLEMENTATIONS = YES;
				CLANG_WARN_DIRECT_OBJC_ISA_USAGE = YES_ERROR;
				CLANG_WARN_DOCUMENTATION_COMMENTS = YES;
				CLANG_WARN_EMPTY_BODY = YES;
				CLANG_WARN_ENUM_CONVERSION = YES;
				CLANG_WARN_INFINITE_RECURSION = YES;
				CLANG_WARN_INT_CONVERSION = YES;
				CLANG_WARN_NON_LITERAL_NULL_CONVERSION = YES;
				CLANG_WARN_OBJC_IMPLICIT_RETAIN_SELF = YES;
				CLANG_WARN_OBJC_LITERAL_CONVERSION = YES;
				CLANG_WARN_OBJC_ROOT_CLASS = YES_ERROR;
				CLANG_WARN_QUOTED_INCLUDE_IN_FRAMEWORK_HEADER = YES;
				CLANG_WARN_RANGE_LOOP_ANALYSIS = YES;
				CLANG_WARN_STRICT_PROTOTYPES = YES;
				CLANG_WARN_SUSPICIOUS_MOVE = YES;
				CLANG_WARN_UNGUARDED_AVAILABILITY = YES_AGGRESSIVE;
				CLANG_WARN_UNREACHABLE_CODE = YES;
				CLANG_WARN__DUPLICATE_METHOD_MATCH = YES;
				COPY_PHASE_STRIP = NO;
				DEBUG_INFORMATION_FORMAT = "dwarf-with-dsym";
				ENABLE_NS_ASSERTIONS = NO;
				ENABLE_STRICT_OBJC_MSGSEND = YES;
				GCC_C_LANGUAGE_STANDARD = gnu11;
				GCC_NO_COMMON_BLOCKS = YES;
				GCC_WARN_64_TO_32_BIT_CONVERSION = YES;
				GCC_WARN_ABOUT_RETURN_TYPE = YES_ERROR;
				GCC_WARN_UNDECLARED_SELECTOR = YES;
				GCC_WARN_UNINITIALIZED_AUTOS = YES_AGGRESSIVE;
				GCC_WARN_UNUSED_FUNCTION = YES;
				GCC_WARN_UNUSED_VARIABLE = YES;
				IPHONEOS_DEPLOYMENT_TARGET = 16.4;
				MTL_ENABLE_DEBUG_INFO = NO;
				MTL_FAST_MATH = YES;
				SDKROOT = iphoneos;
				SWIFT_COMPILATION_MODE = wholemodule;
				SWIFT_OPTIMIZATION_LEVEL = "-O";
				VALIDATE_PRODUCT = YES;
			};
			name = Release;
		};
		DF8EC3032AB2DF7100B53EAF /* Debug */ = {
			isa = XCBuildConfiguration;
			buildSettings = {
				ASSETCATALOG_COMPILER_APPICON_NAME = AppIcon;
				ASSETCATALOG_COMPILER_GLOBAL_ACCENT_COLOR_NAME = AccentColor;
				CODE_SIGN_STYLE = Automatic;
				CURRENT_PROJECT_VERSION = 1;
				GENERATE_INFOPLIST_FILE = YES;
				INFOPLIST_FILE = CoreDataProject/Info.plist;
				INFOPLIST_KEY_UIApplicationSupportsIndirectInputEvents = YES;
				INFOPLIST_KEY_UILaunchStoryboardName = LaunchScreen;
				INFOPLIST_KEY_UISupportedInterfaceOrientations_iPad = "UIInterfaceOrientationPortrait UIInterfaceOrientationPortraitUpsideDown UIInterfaceOrientationLandscapeLeft UIInterfaceOrientationLandscapeRight";
				INFOPLIST_KEY_UISupportedInterfaceOrientations_iPhone = "UIInterfaceOrientationPortrait UIInterfaceOrientationLandscapeLeft UIInterfaceOrientationLandscapeRight";
				LD_RUNPATH_SEARCH_PATHS = (
					"$(inherited)",
					"@executable_path/Frameworks",
				);
				MARKETING_VERSION = 1.0;
				PRODUCT_BUNDLE_IDENTIFIER = com.sangwoo.CoreDataProject;
				PRODUCT_NAME = "$(TARGET_NAME)";
				SWIFT_EMIT_LOC_STRINGS = YES;
				SWIFT_VERSION = 5.0;
				TARGETED_DEVICE_FAMILY = "1,2";
			};
			name = Debug;
		};
		DF8EC3042AB2DF7100B53EAF /* Release */ = {
			isa = XCBuildConfiguration;
			buildSettings = {
				ASSETCATALOG_COMPILER_APPICON_NAME = AppIcon;
				ASSETCATALOG_COMPILER_GLOBAL_ACCENT_COLOR_NAME = AccentColor;
				CODE_SIGN_STYLE = Automatic;
				CURRENT_PROJECT_VERSION = 1;
				GENERATE_INFOPLIST_FILE = YES;
				INFOPLIST_FILE = CoreDataProject/Info.plist;
				INFOPLIST_KEY_UIApplicationSupportsIndirectInputEvents = YES;
				INFOPLIST_KEY_UILaunchStoryboardName = LaunchScreen;
				INFOPLIST_KEY_UISupportedInterfaceOrientations_iPad = "UIInterfaceOrientationPortrait UIInterfaceOrientationPortraitUpsideDown UIInterfaceOrientationLandscapeLeft UIInterfaceOrientationLandscapeRight";
				INFOPLIST_KEY_UISupportedInterfaceOrientations_iPhone = "UIInterfaceOrientationPortrait UIInterfaceOrientationLandscapeLeft UIInterfaceOrientationLandscapeRight";
				LD_RUNPATH_SEARCH_PATHS = (
					"$(inherited)",
					"@executable_path/Frameworks",
				);
				MARKETING_VERSION = 1.0;
				PRODUCT_BUNDLE_IDENTIFIER = com.sangwoo.CoreDataProject;
				PRODUCT_NAME = "$(TARGET_NAME)";
				SWIFT_EMIT_LOC_STRINGS = YES;
				SWIFT_VERSION = 5.0;
				TARGETED_DEVICE_FAMILY = "1,2";
			};
			name = Release;
		};
/* End XCBuildConfiguration section */

/* Begin XCConfigurationList section */
		DF8EC2E62AB2DF7000B53EAF /* Build configuration list for PBXProject "CoreDataProject" */ = {
			isa = XCConfigurationList;
			buildConfigurations = (
				DF8EC3002AB2DF7100B53EAF /* Debug */,
				DF8EC3012AB2DF7100B53EAF /* Release */,
			);
			defaultConfigurationIsVisible = 0;
			defaultConfigurationName = Release;
		};
		DF8EC3022AB2DF7100B53EAF /* Build configuration list for PBXNativeTarget "CoreDataProject" */ = {
			isa = XCConfigurationList;
			buildConfigurations = (
				DF8EC3032AB2DF7100B53EAF /* Debug */,
				DF8EC3042AB2DF7100B53EAF /* Release */,
			);
			defaultConfigurationIsVisible = 0;
			defaultConfigurationName = Release;
		};
/* End XCConfigurationList section */

/* Begin XCRemoteSwiftPackageReference section */
		DF8EC3062AB2EF7700B53EAF /* XCRemoteSwiftPackageReference "SnapKit" */ = {
			isa = XCRemoteSwiftPackageReference;
			repositoryURL = "https://github.com/SnapKit/SnapKit.git";
			requirement = {
				kind = upToNextMajorVersion;
				minimumVersion = 5.0.0;
			};
		};
		DF8EC3092AB2EF8300B53EAF /* XCRemoteSwiftPackageReference "Alamofire" */ = {
			isa = XCRemoteSwiftPackageReference;
			repositoryURL = "https://github.com/Alamofire/Alamofire.git";
			requirement = {
				kind = upToNextMajorVersion;
				minimumVersion = 5.0.0;
			};
		};
/* End XCRemoteSwiftPackageReference section */

/* Begin XCSwiftPackageProductDependency section */
		DF8EC3072AB2EF7700B53EAF /* SnapKit */ = {
			isa = XCSwiftPackageProductDependency;
			package = DF8EC3062AB2EF7700B53EAF /* XCRemoteSwiftPackageReference "SnapKit" */;
			productName = SnapKit;
		};
		DF8EC30A2AB2EF8300B53EAF /* Alamofire */ = {
			isa = XCSwiftPackageProductDependency;
			package = DF8EC3092AB2EF8300B53EAF /* XCRemoteSwiftPackageReference "Alamofire" */;
			productName = Alamofire;
		};
/* End XCSwiftPackageProductDependency section */

/* Begin XCVersionGroup section */
		DF8EC2F72AB2DF7000B53EAF /* CoreDataProject.xcdatamodeld */ = {
			isa = XCVersionGroup;
			children = (
				DF8EC2F82AB2DF7000B53EAF /* CoreDataProject.xcdatamodel */,
			);
			currentVersion = DF8EC2F82AB2DF7000B53EAF /* CoreDataProject.xcdatamodel */;
			path = CoreDataProject.xcdatamodeld;
			sourceTree = "<group>";
			versionGroupType = wrapper.xcdatamodel;
		};
/* End XCVersionGroup section */
	};
	rootObject = DF8EC2E32AB2DF7000B53EAF /* Project object */;
}
